// !$*UTF8*$!
{
	archiveVersion = 1;
	classes = {
	};
	objectVersion = 50;
	objects = {

/* Begin PBXBuildFile section */
		4AADC3282311A043004FF922 /* AppDelegate.swift in Sources */ = {isa = PBXBuildFile; fileRef = 4AADC3272311A043004FF922 /* AppDelegate.swift */; };
		4AADC32A2311A043004FF922 /* SceneDelegate.swift in Sources */ = {isa = PBXBuildFile; fileRef = 4AADC3292311A043004FF922 /* SceneDelegate.swift */; };
		4AADC32C2311A043004FF922 /* CommentsView.swift in Sources */ = {isa = PBXBuildFile; fileRef = 4AADC32B2311A043004FF922 /* CommentsView.swift */; };
		4AADC32E2311A04A004FF922 /* Assets.xcassets in Resources */ = {isa = PBXBuildFile; fileRef = 4AADC32D2311A04A004FF922 /* Assets.xcassets */; };
		4AADC3312311A04A004FF922 /* Preview Assets.xcassets in Resources */ = {isa = PBXBuildFile; fileRef = 4AADC3302311A04A004FF922 /* Preview Assets.xcassets */; };
		4AADC3342311A04A004FF922 /* LaunchScreen.storyboard in Resources */ = {isa = PBXBuildFile; fileRef = 4AADC3322311A04A004FF922 /* LaunchScreen.storyboard */; };
		4AADC33C2311A09A004FF922 /* CommentCell.swift in Sources */ = {isa = PBXBuildFile; fileRef = 4AADC33B2311A09A004FF922 /* CommentCell.swift */; };
		4AADC33E2311A20F004FF922 /* Comment.swift in Sources */ = {isa = PBXBuildFile; fileRef = 4AADC33D2311A20F004FF922 /* Comment.swift */; };
		4AADC3402311CFAE004FF922 /* CommentViewModel.swift in Sources */ = {isa = PBXBuildFile; fileRef = 4AADC33F2311CFAE004FF922 /* CommentViewModel.swift */; };
/* End PBXBuildFile section */

/* Begin PBXFileReference section */
		4AADC3242311A043004FF922 /* CombineDecode2.app */ = {isa = PBXFileReference; explicitFileType = wrapper.application; includeInIndex = 0; path = CombineDecode2.app; sourceTree = BUILT_PRODUCTS_DIR; };
		4AADC3272311A043004FF922 /* AppDelegate.swift */ = {isa = PBXFileReference; lastKnownFileType = sourcecode.swift; path = AppDelegate.swift; sourceTree = "<group>"; };
		4AADC3292311A043004FF922 /* SceneDelegate.swift */ = {isa = PBXFileReference; lastKnownFileType = sourcecode.swift; path = SceneDelegate.swift; sourceTree = "<group>"; };
		4AADC32B2311A043004FF922 /* CommentsView.swift */ = {isa = PBXFileReference; lastKnownFileType = sourcecode.swift; path = CommentsView.swift; sourceTree = "<group>"; };
		4AADC32D2311A04A004FF922 /* Assets.xcassets */ = {isa = PBXFileReference; lastKnownFileType = folder.assetcatalog; path = Assets.xcassets; sourceTree = "<group>"; };
		4AADC3302311A04A004FF922 /* Preview Assets.xcassets */ = {isa = PBXFileReference; lastKnownFileType = folder.assetcatalog; path = "Preview Assets.xcassets"; sourceTree = "<group>"; };
		4AADC3332311A04A004FF922 /* Base */ = {isa = PBXFileReference; lastKnownFileType = file.storyboard; name = Base; path = Base.lproj/LaunchScreen.storyboard; sourceTree = "<group>"; };
		4AADC3352311A04A004FF922 /* Info.plist */ = {isa = PBXFileReference; lastKnownFileType = text.plist.xml; path = Info.plist; sourceTree = "<group>"; };
		4AADC33B2311A09A004FF922 /* CommentCell.swift */ = {isa = PBXFileReference; lastKnownFileType = sourcecode.swift; path = CommentCell.swift; sourceTree = "<group>"; };
		4AADC33D2311A20F004FF922 /* Comment.swift */ = {isa = PBXFileReference; lastKnownFileType = sourcecode.swift; path = Comment.swift; sourceTree = "<group>"; };
		4AADC33F2311CFAE004FF922 /* CommentViewModel.swift */ = {isa = PBXFileReference; lastKnownFileType = sourcecode.swift; path = CommentViewModel.swift; sourceTree = "<group>"; };
/* End PBXFileReference section */

/* Begin PBXFrameworksBuildPhase section */
		4AADC3212311A043004FF922 /* Frameworks */ = {
			isa = PBXFrameworksBuildPhase;
			buildActionMask = 2147483647;
			files = (
			);
			runOnlyForDeploymentPostprocessing = 0;
		};
/* End PBXFrameworksBuildPhase section */

/* Begin PBXGroup section */
		4AADC31B2311A043004FF922 = {
			isa = PBXGroup;
			children = (
				4AADC3262311A043004FF922 /* CombineDecode2 */,
				4AADC3252311A043004FF922 /* Products */,
			);
			sourceTree = "<group>";
		};
		4AADC3252311A043004FF922 /* Products */ = {
			isa = PBXGroup;
			children = (
				4AADC3242311A043004FF922 /* CombineDecode2.app */,
			);
			name = Products;
			sourceTree = "<group>";
		};
		4AADC3262311A043004FF922 /* CombineDecode2 */ = {
			isa = PBXGroup;
			children = (
				4AADC33B2311A09A004FF922 /* CommentCell.swift */,
				4AADC33F2311CFAE004FF922 /* CommentViewModel.swift */,
				4AADC33D2311A20F004FF922 /* Comment.swift */,
				4AADC3272311A043004FF922 /* AppDelegate.swift */,
				4AADC3292311A043004FF922 /* SceneDelegate.swift */,
				4AADC32B2311A043004FF922 /* CommentsView.swift */,
				4AADC32D2311A04A004FF922 /* Assets.xcassets */,
				4AADC3322311A04A004FF922 /* LaunchScreen.storyboard */,
				4AADC3352311A04A004FF922 /* Info.plist */,
				4AADC32F2311A04A004FF922 /* Preview Content */,
			);
			path = CombineDecode2;
			sourceTree = "<group>";
		};
		4AADC32F2311A04A004FF922 /* Preview Content */ = {
			isa = PBXGroup;
			children = (
				4AADC3302311A04A004FF922 /* Preview Assets.xcassets */,
			);
			path = "Preview Content";
			sourceTree = "<group>";
		};
/* End PBXGroup section */

/* Begin PBXNativeTarget section */
		4AADC3232311A043004FF922 /* CombineDecode2 */ = {
			isa = PBXNativeTarget;
			buildConfigurationList = 4AADC3382311A04A004FF922 /* Build configuration list for PBXNativeTarget "CombineDecode2" */;
			buildPhases = (
				4AADC3202311A043004FF922 /* Sources */,
				4AADC3212311A043004FF922 /* Frameworks */,
				4AADC3222311A043004FF922 /* Resources */,
			);
			buildRules = (
			);
			dependencies = (
			);
			name = CombineDecode2;
			productName = CombineDecode;
			productReference = 4AADC3242311A043004FF922 /* CombineDecode2.app */;
			productType = "com.apple.product-type.application";
		};
/* End PBXNativeTarget section */

/* Begin PBXProject section */
		4AADC31C2311A043004FF922 /* Project object */ = {
			isa = PBXProject;
			attributes = {
				LastSwiftUpdateCheck = 1100;
				LastUpgradeCheck = 1100;
				ORGANIZATIONNAME = "Harry Patsis";
				TargetAttributes = {
					4AADC3232311A043004FF922 = {
						CreatedOnToolsVersion = 11.0;
					};
				};
			};
			buildConfigurationList = 4AADC31F2311A043004FF922 /* Build configuration list for PBXProject "CombineDecode2" */;
			compatibilityVersion = "Xcode 9.3";
			developmentRegion = en;
			hasScannedForEncodings = 0;
			knownRegions = (
				en,
				Base,
			);
			mainGroup = 4AADC31B2311A043004FF922;
			productRefGroup = 4AADC3252311A043004FF922 /* Products */;
			projectDirPath = "";
			projectRoot = "";
			targets = (
				4AADC3232311A043004FF922 /* CombineDecode2 */,
			);
		};
/* End PBXProject section */

/* Begin PBXResourcesBuildPhase section */
		4AADC3222311A043004FF922 /* Resources */ = {
			isa = PBXResourcesBuildPhase;
			buildActionMask = 2147483647;
			files = (
				4AADC3342311A04A004FF922 /* LaunchScreen.storyboard in Resources */,
				4AADC3312311A04A004FF922 /* Preview Assets.xcassets in Resources */,
				4AADC32E2311A04A004FF922 /* Assets.xcassets in Resources */,
			);
			runOnlyForDeploymentPostprocessing = 0;
		};
/* End PBXResourcesBuildPhase section */

/* Begin PBXSourcesBuildPhase section */
		4AADC3202311A043004FF922 /* Sources */ = {
			isa = PBXSourcesBuildPhase;
			buildActionMask = 2147483647;
			files = (
				4AADC3402311CFAE004FF922 /* CommentViewModel.swift in Sources */,
				4AADC33E2311A20F004FF922 /* Comment.swift in Sources */,
				4AADC3282311A043004FF922 /* AppDelegate.swift in Sources */,
				4AADC32A2311A043004FF922 /* SceneDelegate.swift in Sources */,
				4AADC33C2311A09A004FF922 /* CommentCell.swift in Sources */,
				4AADC32C2311A043004FF922 /* CommentsView.swift in Sources */,
			);
			runOnlyForDeploymentPostprocessing = 0;
		};
/* End PBXSourcesBuildPhase section */

/* Begin PBXVariantGroup section */
		4AADC3322311A04A004FF922 /* LaunchScreen.storyboard */ = {
			isa = PBXVariantGroup;
			children = (
				4AADC3332311A04A004FF922 /* Base */,
			);
			name = LaunchScreen.storyboard;
			sourceTree = "<group>";
		};
/* End PBXVariantGroup section */

/* Begin XCBuildConfiguration section */
		4AADC3362311A04A004FF922 /* Debug */ = {
			isa = XCBuildConfiguration;
			buildSettings = {
				ALWAYS_SEARCH_USER_PATHS = NO;
				CLANG_ANALYZER_NONNULL = YES;
				CLANG_ANALYZER_NUMBER_OBJECT_CONVERSION = YES_AGGRESSIVE;
				CLANG_CXX_LANGUAGE_STANDARD = "gnu++14";
				CLANG_CXX_LIBRARY = "libc++";
				CLANG_ENABLE_MODULES = YES;
				CLANG_ENABLE_OBJC_ARC = YES;
				CLANG_ENABLE_OBJC_WEAK = YES;
				CLANG_WARN_BLOCK_CAPTURE_AUTORELEASING = YES;
				CLANG_WARN_BOOL_CONVERSION = YES;
				CLANG_WARN_COMMA = YES;
				CLANG_WARN_CONSTANT_CONVERSION = YES;
				CLANG_WARN_DEPRECATED_OBJC_IMPLEMENTATIONS = YES;
				CLANG_WARN_DIRECT_OBJC_ISA_USAGE = YES_ERROR;
				CLANG_WARN_DOCUMENTATION_COMMENTS = YES;
				CLANG_WARN_EMPTY_BODY = YES;
				CLANG_WARN_ENUM_CONVERSION = YES;
				CLANG_WARN_INFINITE_RECURSION = YES;
				CLANG_WARN_INT_CONVERSION = YES;
				CLANG_WARN_NON_LITERAL_NULL_CONVERSION = YES;
				CLANG_WARN_OBJC_IMPLICIT_RETAIN_SELF = YES;
				CLANG_WARN_OBJC_LITERAL_CONVERSION = YES;
				CLANG_WARN_OBJC_ROOT_CLASS = YES_ERROR;
				CLANG_WARN_RANGE_LOOP_ANALYSIS = YES;
				CLANG_WARN_STRICT_PROTOTYPES = YES;
				CLANG_WARN_SUSPICIOUS_MOVE = YES;
				CLANG_WARN_UNGUARDED_AVAILABILITY = YES_AGGRESSIVE;
				CLANG_WARN_UNREACHABLE_CODE = YES;
				CLANG_WARN__DUPLICATE_METHOD_MATCH = YES;
				COPY_PHASE_STRIP = NO;
				DEBUG_INFORMATION_FORMAT = dwarf;
				ENABLE_STRICT_OBJC_MSGSEND = YES;
				ENABLE_TESTABILITY = YES;
				GCC_C_LANGUAGE_STANDARD = gnu11;
				GCC_DYNAMIC_NO_PIC = NO;
				GCC_NO_COMMON_BLOCKS = YES;
				GCC_OPTIMIZATION_LEVEL = 0;
				GCC_PREPROCESSOR_DEFINITIONS = (
					"DEBUG=1",
					"$(inherited)",
				);
				GCC_WARN_64_TO_32_BIT_CONVERSION = YES;
				GCC_WARN_ABOUT_RETURN_TYPE = YES_ERROR;
				GCC_WARN_UNDECLARED_SELECTOR = YES;
				GCC_WARN_UNINITIALIZED_AUTOS = YES_AGGRESSIVE;
				GCC_WARN_UNUSED_FUNCTION = YES;
				GCC_WARN_UNUSED_VARIABLE = YES;
				IPHONEOS_DEPLOYMENT_TARGET = 13.0;
				MTL_ENABLE_DEBUG_INFO = INCLUDE_SOURCE;
				MTL_FAST_MATH = YES;
				ONLY_ACTIVE_ARCH = YES;
				SDKROOT = iphoneos;
				SWIFT_ACTIVE_COMPILATION_CONDITIONS = DEBUG;
				SWIFT_OPTIMIZATION_LEVEL = "-Onone";
			};
			name = Debug;
		};
		4AADC3372311A04A004FF922 /* Release */ = {
			isa = XCBuildConfiguration;
			buildSettings = {
				ALWAYS_SEARCH_USER_PATHS = NO;
				CLANG_ANALYZER_NONNULL = YES;
				CLANG_ANALYZER_NUMBER_OBJECT_CONVERSION = YES_AGGRESSIVE;
				CLANG_CXX_LANGUAGE_STANDARD = "gnu++14";
				CLANG_CXX_LIBRARY = "libc++";
				CLANG_ENABLE_MODULES = YES;
				CLANG_ENABLE_OBJC_ARC = YES;
				CLANG_ENABLE_OBJC_WEAK = YES;
				CLANG_WARN_BLOCK_CAPTURE_AUTORELEASING = YES;
				CLANG_WARN_BOOL_CONVERSION = YES;
				CLANG_WARN_COMMA = YES;
				CLANG_WARN_CONSTANT_CONVERSION = YES;
				CLANG_WARN_DEPRECATED_OBJC_IMPLEMENTATIONS = YES;
				CLANG_WARN_DIRECT_OBJC_ISA_USAGE = YES_ERROR;
				CLANG_WARN_DOCUMENTATION_COMMENTS = YES;
				CLANG_WARN_EMPTY_BODY = YES;
				CLANG_WARN_ENUM_CONVERSION = YES;
				CLANG_WARN_INFINITE_RECURSION = YES;
				CLANG_WARN_INT_CONVERSION = YES;
				CLANG_WARN_NON_LITERAL_NULL_CONVERSION = YES;
				CLANG_WARN_OBJC_IMPLICIT_RETAIN_SELF = YES;
				CLANG_WARN_OBJC_LITERAL_CONVERSION = YES;
				CLANG_WARN_OBJC_ROOT_CLASS = YES_ERROR;
				CLANG_WARN_RANGE_LOOP_ANALYSIS = YES;
				CLANG_WARN_STRICT_PROTOTYPES = YES;
				CLANG_WARN_SUSPICIOUS_MOVE = YES;
				CLANG_WARN_UNGUARDED_AVAILABILITY = YES_AGGRESSIVE;
				CLANG_WARN_UNREACHABLE_CODE = YES;
				CLANG_WARN__DUPLICATE_METHOD_MATCH = YES;
				COPY_PHASE_STRIP = NO;
				DEBUG_INFORMATION_FORMAT = "dwarf-with-dsym";
				ENABLE_NS_ASSERTIONS = NO;
				ENABLE_STRICT_OBJC_MSGSEND = YES;
				GCC_C_LANGUAGE_STANDARD = gnu11;
				GCC_NO_COMMON_BLOCKS = YES;
				GCC_WARN_64_TO_32_BIT_CONVERSION = YES;
				GCC_WARN_ABOUT_RETURN_TYPE = YES_ERROR;
				GCC_WARN_UNDECLARED_SELECTOR = YES;
				GCC_WARN_UNINITIALIZED_AUTOS = YES_AGGRESSIVE;
				GCC_WARN_UNUSED_FUNCTION = YES;
				GCC_WARN_UNUSED_VARIABLE = YES;
				IPHONEOS_DEPLOYMENT_TARGET = 13.0;
				MTL_ENABLE_DEBUG_INFO = NO;
				MTL_FAST_MATH = YES;
				SDKROOT = iphoneos;
				SWIFT_COMPILATION_MODE = wholemodule;
				SWIFT_OPTIMIZATION_LEVEL = "-O";
				VALIDATE_PRODUCT = YES;
			};
			name = Release;
		};
		4AADC3392311A04A004FF922 /* Debug */ = {
			isa = XCBuildConfiguration;
			buildSettings = {
				ASSETCATALOG_COMPILER_APPICON_NAME = AppIcon;
				CODE_SIGN_STYLE = Automatic;
				DEVELOPMENT_ASSET_PATHS = "\"CombineDecode2/Preview Content\"";
				DEVELOPMENT_TEAM = 3K6SMK4JT3;
				ENABLE_PREVIEWS = YES;
				INFOPLIST_FILE = CombineDecode2/Info.plist;
				LD_RUNPATH_SEARCH_PATHS = (
					"$(inherited)",
					"@executable_path/Frameworks",
				);
				PRODUCT_BUNDLE_IDENTIFIER = com.patsis.CombineDecode2;
				PRODUCT_NAME = CombineDecode2;
				SWIFT_VERSION = 5.0;
				TARGETED_DEVICE_FAMILY = "1,2";
			};
			name = Debug;
		};
		4AADC33A2311A04A004FF922 /* Release */ = {
			isa = XCBuildConfiguration;
			buildSettings = {
				ASSETCATALOG_COMPILER_APPICON_NAME = AppIcon;
				CODE_SIGN_STYLE = Automatic;
				DEVELOPMENT_ASSET_PATHS = "\"CombineDecode2/Preview Content\"";
				DEVELOPMENT_TEAM = 3K6SMK4JT3;
				ENABLE_PREVIEWS = YES;
				INFOPLIST_FILE = CombineDecode2/Info.plist;
				LD_RUNPATH_SEARCH_PATHS = (
					"$(inherited)",
					"@executable_path/Frameworks",
				);
				PRODUCT_BUNDLE_IDENTIFIER = com.patsis.CombineDecode2;
				PRODUCT_NAME = CombineDecode2;
				SWIFT_VERSION = 5.0;
				TARGETED_DEVICE_FAMILY = "1,2";
			};
			name = Release;
		};
/* End XCBuildConfiguration section */

/* Begin XCConfigurationList section */
		4AADC31F2311A043004FF922 /* Build configuration list for PBXProject "CombineDecode2" */ = {
			isa = XCConfigurationList;
			buildConfigurations = (
				4AADC3362311A04A004FF922 /* Debug */,
				4AADC3372311A04A004FF922 /* Release */,
			);
			defaultConfigurationIsVisible = 0;
			defaultConfigurationName = Release;
		};
		4AADC3382311A04A004FF922 /* Build configuration list for PBXNativeTarget "CombineDecode2" */ = {
			isa = XCConfigurationList;
			buildConfigurations = (
				4AADC3392311A04A004FF922 /* Debug */,
				4AADC33A2311A04A004FF922 /* Release */,
			);
			defaultConfigurationIsVisible = 0;
			defaultConfigurationName = Release;
		};
/* End XCConfigurationList section */
	};
	rootObject = 4AADC31C2311A043004FF922 /* Project object */;
}
